
Microsoft Visual Studio Solution File, Format Version 12.00
# Visual Studio 15
VisualStudioVersion = 15.0.28307.329
MinimumVisualStudioVersion = 10.0.40219.1
Project("{FAE04EC0-301F-11D3-BF4B-00C04F79EFBC}") = "WebApiGuate", "WebApiGuate\WebApiGuate.csproj", "{82D8FE7A-3DAF-432F-BC66-F29C5C1A338B}"
EndProject
Global
	GlobalSection(SolutionConfigurationPlatforms) = preSolution
		Debug|Any CPU = Debug|Any CPU
		Release|Any CPU = Release|Any CPU
	EndGlobalSection
	GlobalSection(ProjectConfigurationPlatforms) = postSolution
		{82D8FE7A-3DAF-432F-BC66-F29C5C1A338B}.Debug|Any CPU.ActiveCfg = Debug|Any CPU
		{82D8FE7A-3DAF-432F-BC66-F29C5C1A338B}.Debug|Any CPU.Build.0 = Debug|Any CPU
		{82D8FE7A-3DAF-432F-BC66-F29C5C1A338B}.Release|Any CPU.ActiveCfg = Release|Any CPU
		{82D8FE7A-3DAF-432F-BC66-F29C5C1A338B}.Release|Any CPU.Build.0 = Release|Any CPU
	EndGlobalSection
	GlobalSection(SolutionProperties) = preSolution
		HideSolutionNode = FALSE
	EndGlobalSection
	GlobalSection(ExtensibilityGlobals) = postSolution
		SolutionGuid = {41DD9764-630E-45E7-A01E-2B5120B2C306}
	EndGlobalSection
EndGlobal
